
Microsoft Visual Studio Solution File, Format Version 12.00
# Visual Studio Version 17
VisualStudioVersion = 17.5.33530.505
MinimumVisualStudioVersion = 10.0.40219.1
Project("{FAE04EC0-301F-11D3-BF4B-00C04F79EFBC}") = "Create_model", "Create_model\Create_model.csproj", "{8315CF3C-5E90-4690-A4B8-CA09AD8C708E}"
EndProject
Global
	GlobalSection(SolutionConfigurationPlatforms) = preSolution
		Debug|Any CPU = Debug|Any CPU
		Release|Any CPU = Release|Any CPU
	EndGlobalSection
	GlobalSection(ProjectConfigurationPlatforms) = postSolution
		{8315CF3C-5E90-4690-A4B8-CA09AD8C708E}.Debug|Any CPU.ActiveCfg = Debug|Any CPU
		{8315CF3C-5E90-4690-A4B8-CA09AD8C708E}.Debug|Any CPU.Build.0 = Debug|Any CPU
		{8315CF3C-5E90-4690-A4B8-CA09AD8C708E}.Release|Any CPU.ActiveCfg = Release|Any CPU
		{8315CF3C-5E90-4690-A4B8-CA09AD8C708E}.Release|Any CPU.Build.0 = Release|Any CPU
	EndGlobalSection
	GlobalSection(SolutionProperties) = preSolution
		HideSolutionNode = FALSE
	EndGlobalSection
	GlobalSection(ExtensibilityGlobals) = postSolution
		SolutionGuid = {F819BE39-C1E7-47B7-9953-83E83B4A67E3}
	EndGlobalSection
EndGlobal
